// !$*UTF8*$!
{
	archiveVersion = 1;
	classes = {
	};
	objectVersion = 46;
	objects = {

/* Begin PBXBuildFile section */
		33E7BFF81EEED06B0047FDCB /* main.m in Sources */ = {isa = PBXBuildFile; fileRef = 33E7BFF71EEED06B0047FDCB /* main.m */; };
		33E7BFFB1EEED06B0047FDCB /* AppDelegate.m in Sources */ = {isa = PBXBuildFile; fileRef = 33E7BFFA1EEED06B0047FDCB /* AppDelegate.m */; };
		33E7BFFE1EEED06B0047FDCB /* ViewController.m in Sources */ = {isa = PBXBuildFile; fileRef = 33E7BFFD1EEED06B0047FDCB /* ViewController.m */; };
		33E7C0011EEED06B0047FDCB /* Main.storyboard in Resources */ = {isa = PBXBuildFile; fileRef = 33E7BFFF1EEED06B0047FDCB /* Main.storyboard */; };
		33E7C0031EEED06B0047FDCB /* Assets.xcassets in Resources */ = {isa = PBXBuildFile; fileRef = 33E7C0021EEED06B0047FDCB /* Assets.xcassets */; };
		33E7C0061EEED06B0047FDCB /* LaunchScreen.storyboard in Resources */ = {isa = PBXBuildFile; fileRef = 33E7C0041EEED06B0047FDCB /* LaunchScreen.storyboard */; };
		33E7C0111EEED06B0047FDCB /* ShujiTests.m in Sources */ = {isa = PBXBuildFile; fileRef = 33E7C0101EEED06B0047FDCB /* ShujiTests.m */; };
		33E7C01C1EEED06B0047FDCB /* ShujiUITests.m in Sources */ = {isa = PBXBuildFile; fileRef = 33E7C01B1EEED06B0047FDCB /* ShujiUITests.m */; };
/* End PBXBuildFile section */

/* Begin PBXContainerItemProxy section */
		33E7C00D1EEED06B0047FDCB /* PBXContainerItemProxy */ = {
			isa = PBXContainerItemProxy;
			containerPortal = 33E7BFEB1EEED06B0047FDCB /* Project object */;
			proxyType = 1;
			remoteGlobalIDString = 33E7BFF21EEED06B0047FDCB;
			remoteInfo = Shuji;
		};
		33E7C0181EEED06B0047FDCB /* PBXContainerItemProxy */ = {
			isa = PBXContainerItemProxy;
			containerPortal = 33E7BFEB1EEED06B0047FDCB /* Project object */;
			proxyType = 1;
			remoteGlobalIDString = 33E7BFF21EEED06B0047FDCB;
			remoteInfo = Shuji;
		};
/* End PBXContainerItemProxy section */

/* Begin PBXFileReference section */
		33E7BFF31EEED06B0047FDCB /* Shuji.app */ = {isa = PBXFileReference; explicitFileType = wrapper.application; includeInIndex = 0; path = Shuji.app; sourceTree = BUILT_PRODUCTS_DIR; };
		33E7BFF71EEED06B0047FDCB /* main.m */ = {isa = PBXFileReference; lastKnownFileType = sourcecode.c.objc; path = main.m; sourceTree = "<group>"; };
		33E7BFF91EEED06B0047FDCB /* AppDelegate.h */ = {isa = PBXFileReference; lastKnownFileType = sourcecode.c.h; path = AppDelegate.h; sourceTree = "<group>"; };
		33E7BFFA1EEED06B0047FDCB /* AppDelegate.m */ = {isa = PBXFileReference; lastKnownFileType = sourcecode.c.objc; path = AppDelegate.m; sourceTree = "<group>"; };
		33E7BFFC1EEED06B0047FDCB /* ViewController.h */ = {isa = PBXFileReference; lastKnownFileType = sourcecode.c.h; path = ViewController.h; sourceTree = "<group>"; };
		33E7BFFD1EEED06B0047FDCB /* ViewController.m */ = {isa = PBXFileReference; lastKnownFileType = sourcecode.c.objc; path = ViewController.m; sourceTree = "<group>"; };
		33E7C0001EEED06B0047FDCB /* Base */ = {isa = PBXFileReference; lastKnownFileType = file.storyboard; name = Base; path = Base.lproj/Main.storyboard; sourceTree = "<group>"; };
		33E7C0021EEED06B0047FDCB /* Assets.xcassets */ = {isa = PBXFileReference; lastKnownFileType = folder.assetcatalog; path = Assets.xcassets; sourceTree = "<group>"; };
		33E7C0051EEED06B0047FDCB /* Base */ = {isa = PBXFileReference; lastKnownFileType = file.storyboard; name = Base; path = Base.lproj/LaunchScreen.storyboard; sourceTree = "<group>"; };
		33E7C0071EEED06B0047FDCB /* Info.plist */ = {isa = PBXFileReference; lastKnownFileType = text.plist.xml; path = Info.plist; sourceTree = "<group>"; };
		33E7C00C1EEED06B0047FDCB /* ShujiTests.xctest */ = {isa = PBXFileReference; explicitFileType = wrapper.cfbundle; includeInIndex = 0; path = ShujiTests.xctest; sourceTree = BUILT_PRODUCTS_DIR; };
		33E7C0101EEED06B0047FDCB /* ShujiTests.m */ = {isa = PBXFileReference; lastKnownFileType = sourcecode.c.objc; path = ShujiTests.m; sourceTree = "<group>"; };
		33E7C0121EEED06B0047FDCB /* Info.plist */ = {isa = PBXFileReference; lastKnownFileType = text.plist.xml; path = Info.plist; sourceTree = "<group>"; };
		33E7C0171EEED06B0047FDCB /* ShujiUITests.xctest */ = {isa = PBXFileReference; explicitFileType = wrapper.cfbundle; includeInIndex = 0; path = ShujiUITests.xctest; sourceTree = BUILT_PRODUCTS_DIR; };
		33E7C01B1EEED06B0047FDCB /* ShujiUITests.m */ = {isa = PBXFileReference; lastKnownFileType = sourcecode.c.objc; path = ShujiUITests.m; sourceTree = "<group>"; };
		33E7C01D1EEED06B0047FDCB /* Info.plist */ = {isa = PBXFileReference; lastKnownFileType = text.plist.xml; path = Info.plist; sourceTree = "<group>"; };
/* End PBXFileReference section */

/* Begin PBXFrameworksBuildPhase section */
		33E7BFF01EEED06B0047FDCB /* Frameworks */ = {
			isa = PBXFrameworksBuildPhase;
			buildActionMask = 2147483647;
			files = (
			);
			runOnlyForDeploymentPostprocessing = 0;
		};
		33E7C0091EEED06B0047FDCB /* Frameworks */ = {
			isa = PBXFrameworksBuildPhase;
			buildActionMask = 2147483647;
			files = (
			);
			runOnlyForDeploymentPostprocessing = 0;
		};
		33E7C0141EEED06B0047FDCB /* Frameworks */ = {
			isa = PBXFrameworksBuildPhase;
			buildActionMask = 2147483647;
			files = (
			);
			runOnlyForDeploymentPostprocessing = 0;
		};
/* End PBXFrameworksBuildPhase section */

/* Begin PBXGroup section */
		33E7BFEA1EEED06B0047FDCB = {
			isa = PBXGroup;
			children = (
				33E7BFF51EEED06B0047FDCB /* Shuji */,
				33E7C00F1EEED06B0047FDCB /* ShujiTests */,
				33E7C01A1EEED06B0047FDCB /* ShujiUITests */,
				33E7BFF41EEED06B0047FDCB /* Products */,
			);
			sourceTree = "<group>";
		};
		33E7BFF41EEED06B0047FDCB /* Products */ = {
			isa = PBXGroup;
			children = (
				33E7BFF31EEED06B0047FDCB /* Shuji.app */,
				33E7C00C1EEED06B0047FDCB /* ShujiTests.xctest */,
				33E7C0171EEED06B0047FDCB /* ShujiUITests.xctest */,
			);
			name = Products;
			sourceTree = "<group>";
		};
		33E7BFF51EEED06B0047FDCB /* Shuji */ = {
			isa = PBXGroup;
			children = (
				33E7BFF91EEED06B0047FDCB /* AppDelegate.h */,
				33E7BFFA1EEED06B0047FDCB /* AppDelegate.m */,
				33E7BFFC1EEED06B0047FDCB /* ViewController.h */,
				33E7BFFD1EEED06B0047FDCB /* ViewController.m */,
				33E7BFFF1EEED06B0047FDCB /* Main.storyboard */,
				33E7C0021EEED06B0047FDCB /* Assets.xcassets */,
				33E7C0041EEED06B0047FDCB /* LaunchScreen.storyboard */,
				33E7C0071EEED06B0047FDCB /* Info.plist */,
				33E7BFF61EEED06B0047FDCB /* Supporting Files */,
			);
			path = Shuji;
			sourceTree = "<group>";
		};
		33E7BFF61EEED06B0047FDCB /* Supporting Files */ = {
			isa = PBXGroup;
			children = (
				33E7BFF71EEED06B0047FDCB /* main.m */,
			);
			name = "Supporting Files";
			sourceTree = "<group>";
		};
		33E7C00F1EEED06B0047FDCB /* ShujiTests */ = {
			isa = PBXGroup;
			children = (
				33E7C0101EEED06B0047FDCB /* ShujiTests.m */,
				33E7C0121EEED06B0047FDCB /* Info.plist */,
			);
			path = ShujiTests;
			sourceTree = "<group>";
		};
		33E7C01A1EEED06B0047FDCB /* ShujiUITests */ = {
			isa = PBXGroup;
			children = (
				33E7C01B1EEED06B0047FDCB /* ShujiUITests.m */,
				33E7C01D1EEED06B0047FDCB /* Info.plist */,
			);
			path = ShujiUITests;
			sourceTree = "<group>";
		};
/* End PBXGroup section */

/* Begin PBXNativeTarget section */
		33E7BFF21EEED06B0047FDCB /* Shuji */ = {
			isa = PBXNativeTarget;
			buildConfigurationList = 33E7C0201EEED06B0047FDCB /* Build configuration list for PBXNativeTarget "Shuji" */;
			buildPhases = (
				33E7BFEF1EEED06B0047FDCB /* Sources */,
				33E7BFF01EEED06B0047FDCB /* Frameworks */,
				33E7BFF11EEED06B0047FDCB /* Resources */,
			);
			buildRules = (
			);
			dependencies = (
			);
			name = Shuji;
			productName = Shuji;
			productReference = 33E7BFF31EEED06B0047FDCB /* Shuji.app */;
			productType = "com.apple.product-type.application";
		};
		33E7C00B1EEED06B0047FDCB /* ShujiTests */ = {
			isa = PBXNativeTarget;
			buildConfigurationList = 33E7C0231EEED06B0047FDCB /* Build configuration list for PBXNativeTarget "ShujiTests" */;
			buildPhases = (
				33E7C0081EEED06B0047FDCB /* Sources */,
				33E7C0091EEED06B0047FDCB /* Frameworks */,
				33E7C00A1EEED06B0047FDCB /* Resources */,
			);
			buildRules = (
			);
			dependencies = (
				33E7C00E1EEED06B0047FDCB /* PBXTargetDependency */,
			);
			name = ShujiTests;
			productName = ShujiTests;
			productReference = 33E7C00C1EEED06B0047FDCB /* ShujiTests.xctest */;
			productType = "com.apple.product-type.bundle.unit-test";
		};
		33E7C0161EEED06B0047FDCB /* ShujiUITests */ = {
			isa = PBXNativeTarget;
			buildConfigurationList = 33E7C0261EEED06B0047FDCB /* Build configuration list for PBXNativeTarget "ShujiUITests" */;
			buildPhases = (
				33E7C0131EEED06B0047FDCB /* Sources */,
				33E7C0141EEED06B0047FDCB /* Frameworks */,
				33E7C0151EEED06B0047FDCB /* Resources */,
			);
			buildRules = (
			);
			dependencies = (
				33E7C0191EEED06B0047FDCB /* PBXTargetDependency */,
			);
			name = ShujiUITests;
			productName = ShujiUITests;
			productReference = 33E7C0171EEED06B0047FDCB /* ShujiUITests.xctest */;
			productType = "com.apple.product-type.bundle.ui-testing";
		};
/* End PBXNativeTarget section */

/* Begin PBXProject section */
		33E7BFEB1EEED06B0047FDCB /* Project object */ = {
			isa = PBXProject;
			attributes = {
				LastUpgradeCheck = 0820;
				ORGANIZATIONNAME = sky;
				TargetAttributes = {
					33E7BFF21EEED06B0047FDCB = {
						CreatedOnToolsVersion = 8.2;
						ProvisioningStyle = Automatic;
					};
					33E7C00B1EEED06B0047FDCB = {
						CreatedOnToolsVersion = 8.2;
						ProvisioningStyle = Automatic;
						TestTargetID = 33E7BFF21EEED06B0047FDCB;
					};
					33E7C0161EEED06B0047FDCB = {
						CreatedOnToolsVersion = 8.2;
						ProvisioningStyle = Automatic;
						TestTargetID = 33E7BFF21EEED06B0047FDCB;
					};
				};
			};
			buildConfigurationList = 33E7BFEE1EEED06B0047FDCB /* Build configuration list for PBXProject "Shuji" */;
			compatibilityVersion = "Xcode 3.2";
			developmentRegion = English;
			hasScannedForEncodings = 0;
			knownRegions = (
				en,
				Base,
			);
			mainGroup = 33E7BFEA1EEED06B0047FDCB;
			productRefGroup = 33E7BFF41EEED06B0047FDCB /* Products */;
			projectDirPath = "";
			projectRoot = "";
			targets = (
				33E7BFF21EEED06B0047FDCB /* Shuji */,
				33E7C00B1EEED06B0047FDCB /* ShujiTests */,
				33E7C0161EEED06B0047FDCB /* ShujiUITests */,
			);
		};
/* End PBXProject section */

/* Begin PBXResourcesBuildPhase section */
		33E7BFF11EEED06B0047FDCB /* Resources */ = {
			isa = PBXResourcesBuildPhase;
			buildActionMask = 2147483647;
			files = (
				33E7C0061EEED06B0047FDCB /* LaunchScreen.storyboard in Resources */,
				33E7C0031EEED06B0047FDCB /* Assets.xcassets in Resources */,
				33E7C0011EEED06B0047FDCB /* Main.storyboard in Resources */,
			);
			runOnlyForDeploymentPostprocessing = 0;
		};
		33E7C00A1EEED06B0047FDCB /* Resources */ = {
			isa = PBXResourcesBuildPhase;
			buildActionMask = 2147483647;
			files = (
			);
			runOnlyForDeploymentPostprocessing = 0;
		};
		33E7C0151EEED06B0047FDCB /* Resources */ = {
			isa = PBXResourcesBuildPhase;
			buildActionMask = 2147483647;
			files = (
			);
			runOnlyForDeploymentPostprocessing = 0;
		};
/* End PBXResourcesBuildPhase section */

/* Begin PBXSourcesBuildPhase section */
		33E7BFEF1EEED06B0047FDCB /* Sources */ = {
			isa = PBXSourcesBuildPhase;
			buildActionMask = 2147483647;
			files = (
				33E7BFFE1EEED06B0047FDCB /* ViewController.m in Sources */,
				33E7BFFB1EEED06B0047FDCB /* AppDelegate.m in Sources */,
				33E7BFF81EEED06B0047FDCB /* main.m in Sources */,
			);
			runOnlyForDeploymentPostprocessing = 0;
		};
		33E7C0081EEED06B0047FDCB /* Sources */ = {
			isa = PBXSourcesBuildPhase;
			buildActionMask = 2147483647;
			files = (
				33E7C0111EEED06B0047FDCB /* ShujiTests.m in Sources */,
			);
			runOnlyForDeploymentPostprocessing = 0;
		};
		33E7C0131EEED06B0047FDCB /* Sources */ = {
			isa = PBXSourcesBuildPhase;
			buildActionMask = 2147483647;
			files = (
				33E7C01C1EEED06B0047FDCB /* ShujiUITests.m in Sources */,
			);
			runOnlyForDeploymentPostprocessing = 0;
		};
/* End PBXSourcesBuildPhase section */

/* Begin PBXTargetDependency section */
		33E7C00E1EEED06B0047FDCB /* PBXTargetDependency */ = {
			isa = PBXTargetDependency;
			target = 33E7BFF21EEED06B0047FDCB /* Shuji */;
			targetProxy = 33E7C00D1EEED06B0047FDCB /* PBXContainerItemProxy */;
		};
		33E7C0191EEED06B0047FDCB /* PBXTargetDependency */ = {
			isa = PBXTargetDependency;
			target = 33E7BFF21EEED06B0047FDCB /* Shuji */;
			targetProxy = 33E7C0181EEED06B0047FDCB /* PBXContainerItemProxy */;
		};
/* End PBXTargetDependency section */

/* Begin PBXVariantGroup section */
		33E7BFFF1EEED06B0047FDCB /* Main.storyboard */ = {
			isa = PBXVariantGroup;
			children = (
				33E7C0001EEED06B0047FDCB /* Base */,
			);
			name = Main.storyboard;
			sourceTree = "<group>";
		};
		33E7C0041EEED06B0047FDCB /* LaunchScreen.storyboard */ = {
			isa = PBXVariantGroup;
			children = (
				33E7C0051EEED06B0047FDCB /* Base */,
			);
			name = LaunchScreen.storyboard;
			sourceTree = "<group>";
		};
/* End PBXVariantGroup section */

/* Begin XCBuildConfiguration section */
		33E7C01E1EEED06B0047FDCB /* Debug */ = {
			isa = XCBuildConfiguration;
			buildSettings = {
				ALWAYS_SEARCH_USER_PATHS = NO;
				CLANG_ANALYZER_NONNULL = YES;
				CLANG_CXX_LANGUAGE_STANDARD = "gnu++0x";
				CLANG_CXX_LIBRARY = "libc++";
				CLANG_ENABLE_MODULES = YES;
				CLANG_ENABLE_OBJC_ARC = YES;
				CLANG_WARN_BOOL_CONVERSION = YES;
				CLANG_WARN_CONSTANT_CONVERSION = YES;
				CLANG_WARN_DIRECT_OBJC_ISA_USAGE = YES_ERROR;
				CLANG_WARN_DOCUMENTATION_COMMENTS = YES;
				CLANG_WARN_EMPTY_BODY = YES;
				CLANG_WARN_ENUM_CONVERSION = YES;
				CLANG_WARN_INFINITE_RECURSION = YES;
				CLANG_WARN_INT_CONVERSION = YES;
				CLANG_WARN_OBJC_ROOT_CLASS = YES_ERROR;
				CLANG_WARN_SUSPICIOUS_MOVE = YES;
				CLANG_WARN_UNREACHABLE_CODE = YES;
				CLANG_WARN__DUPLICATE_METHOD_MATCH = YES;
				"CODE_SIGN_IDENTITY[sdk=iphoneos*]" = "iPhone Developer";
				COPY_PHASE_STRIP = NO;
				DEBUG_INFORMATION_FORMAT = dwarf;
				ENABLE_STRICT_OBJC_MSGSEND = YES;
				ENABLE_TESTABILITY = YES;
				GCC_C_LANGUAGE_STANDARD = gnu99;
				GCC_DYNAMIC_NO_PIC = NO;
				GCC_NO_COMMON_BLOCKS = YES;
				GCC_OPTIMIZATION_LEVEL = 0;
				GCC_PREPROCESSOR_DEFINITIONS = (
					"DEBUG=1",
					"$(inherited)",
				);
				GCC_WARN_64_TO_32_BIT_CONVERSION = YES;
				GCC_WARN_ABOUT_RETURN_TYPE = YES_ERROR;
				GCC_WARN_UNDECLARED_SELECTOR = YES;
				GCC_WARN_UNINITIALIZED_AUTOS = YES_AGGRESSIVE;
				GCC_WARN_UNUSED_FUNCTION = YES;
				GCC_WARN_UNUSED_VARIABLE = YES;
				IPHONEOS_DEPLOYMENT_TARGET = 10.2;
				MTL_ENABLE_DEBUG_INFO = YES;
				ONLY_ACTIVE_ARCH = YES;
				SDKROOT = iphoneos;
			};
			name = Debug;
		};
		33E7C01F1EEED06B0047FDCB /* Release */ = {
			isa = XCBuildConfiguration;
			buildSettings = {
				ALWAYS_SEARCH_USER_PATHS = NO;
				CLANG_ANALYZER_NONNULL = YES;
				CLANG_CXX_LANGUAGE_STANDARD = "gnu++0x";
				CLANG_CXX_LIBRARY = "libc++";
				CLANG_ENABLE_MODULES = YES;
				CLANG_ENABLE_OBJC_ARC = YES;
				CLANG_WARN_BOOL_CONVERSION = YES;
				CLANG_WARN_CONSTANT_CONVERSION = YES;
				CLANG_WARN_DIRECT_OBJC_ISA_USAGE = YES_ERROR;
				CLANG_WARN_DOCUMENTATION_COMMENTS = YES;
				CLANG_WARN_EMPTY_BODY = YES;
				CLANG_WARN_ENUM_CONVERSION = YES;
				CLANG_WARN_INFINITE_RECURSION = YES;
				CLANG_WARN_INT_CONVERSION = YES;
				CLANG_WARN_OBJC_ROOT_CLASS = YES_ERROR;
				CLANG_WARN_SUSPICIOUS_MOVE = YES;
				CLANG_WARN_UNREACHABLE_CODE = YES;
				CLANG_WARN__DUPLICATE_METHOD_MATCH = YES;
				"CODE_SIGN_IDENTITY[sdk=iphoneos*]" = "iPhone Developer";
				COPY_PHASE_STRIP = NO;
				DEBUG_INFORMATION_FORMAT = "dwarf-with-dsym";
				ENABLE_NS_ASSERTIONS = NO;
				ENABLE_STRICT_OBJC_MSGSEND = YES;
				GCC_C_LANGUAGE_STANDARD = gnu99;
				GCC_NO_COMMON_BLOCKS = YES;
				GCC_WARN_64_TO_32_BIT_CONVERSION = YES;
				GCC_WARN_ABOUT_RETURN_TYPE = YES_ERROR;
				GCC_WARN_UNDECLARED_SELECTOR = YES;
				GCC_WARN_UNINITIALIZED_AUTOS = YES_AGGRESSIVE;
				GCC_WARN_UNUSED_FUNCTION = YES;
				GCC_WARN_UNUSED_VARIABLE = YES;
				IPHONEOS_DEPLOYMENT_TARGET = 10.2;
				MTL_ENABLE_DEBUG_INFO = NO;
				SDKROOT = iphoneos;
				VALIDATE_PRODUCT = YES;
			};
			name = Release;
		};
		33E7C0211EEED06B0047FDCB /* Debug */ = {
			isa = XCBuildConfiguration;
			buildSettings = {
				ASSETCATALOG_COMPILER_APPICON_NAME = AppIcon;
				INFOPLIST_FILE = Shuji/Info.plist;
				LD_RUNPATH_SEARCH_PATHS = "$(inherited) @executable_path/Frameworks";
				PRODUCT_BUNDLE_IDENTIFIER = com.gmap.demo;
				PRODUCT_NAME = "$(TARGET_NAME)";
			};
			name = Debug;
		};
		33E7C0221EEED06B0047FDCB /* Release */ = {
			isa = XCBuildConfiguration;
			buildSettings = {
				ASSETCATALOG_COMPILER_APPICON_NAME = AppIcon;
				INFOPLIST_FILE = Shuji/Info.plist;
				LD_RUNPATH_SEARCH_PATHS = "$(inherited) @executable_path/Frameworks";
				PRODUCT_BUNDLE_IDENTIFIER = com.gmap.demo;
				PRODUCT_NAME = "$(TARGET_NAME)";
			};
			name = Release;
		};
		33E7C0241EEED06B0047FDCB /* Debug */ = {
			isa = XCBuildConfiguration;
			buildSettings = {
				BUNDLE_LOADER = "$(TEST_HOST)";
				INFOPLIST_FILE = ShujiTests/Info.plist;
				LD_RUNPATH_SEARCH_PATHS = "$(inherited) @executable_path/Frameworks @loader_path/Frameworks";
				PRODUCT_BUNDLE_IDENTIFIER = com.sky.ShujiTests;
				PRODUCT_NAME = "$(TARGET_NAME)";
				TEST_HOST = "$(BUILT_PRODUCTS_DIR)/Shuji.app/Shuji";
			};
			name = Debug;
		};
		33E7C0251EEED06B0047FDCB /* Release */ = {
			isa = XCBuildConfiguration;
			buildSettings = {
				BUNDLE_LOADER = "$(TEST_HOST)";
				INFOPLIST_FILE = ShujiTests/Info.plist;
				LD_RUNPATH_SEARCH_PATHS = "$(inherited) @executable_path/Frameworks @loader_path/Frameworks";
				PRODUCT_BUNDLE_IDENTIFIER = com.sky.ShujiTests;
				PRODUCT_NAME = "$(TARGET_NAME)";
				TEST_HOST = "$(BUILT_PRODUCTS_DIR)/Shuji.app/Shuji";
			};
			name = Release;
		};
		33E7C0271EEED06B0047FDCB /* Debug */ = {
			isa = XCBuildConfiguration;
			buildSettings = {
				INFOPLIST_FILE = ShujiUITests/Info.plist;
				LD_RUNPATH_SEARCH_PATHS = "$(inherited) @executable_path/Frameworks @loader_path/Frameworks";
				PRODUCT_BUNDLE_IDENTIFIER = com.sky.ShujiUITests;
				PRODUCT_NAME = "$(TARGET_NAME)";
				TEST_TARGET_NAME = Shuji;
			};
			name = Debug;
		};
		33E7C0281EEED06B0047FDCB /* Release */ = {
			isa = XCBuildConfiguration;
			buildSettings = {
				INFOPLIST_FILE = ShujiUITests/Info.plist;
				LD_RUNPATH_SEARCH_PATHS = "$(inherited) @executable_path/Frameworks @loader_path/Frameworks";
				PRODUCT_BUNDLE_IDENTIFIER = com.sky.ShujiUITests;
				PRODUCT_NAME = "$(TARGET_NAME)";
				TEST_TARGET_NAME = Shuji;
			};
			name = Release;
		};
/* End XCBuildConfiguration section */

/* Begin XCConfigurationList section */
		33E7BFEE1EEED06B0047FDCB /* Build configuration list for PBXProject "Shuji" */ = {
			isa = XCConfigurationList;
			buildConfigurations = (
				33E7C01E1EEED06B0047FDCB /* Debug */,
				33E7C01F1EEED06B0047FDCB /* Release */,
			);
			defaultConfigurationIsVisible = 0;
			defaultConfigurationName = Release;
		};
		33E7C0201EEED06B0047FDCB /* Build configuration list for PBXNativeTarget "Shuji" */ = {
			isa = XCConfigurationList;
			buildConfigurations = (
				33E7C0211EEED06B0047FDCB /* Debug */,
				33E7C0221EEED06B0047FDCB /* Release */,
			);
			defaultConfigurationIsVisible = 0;
		};
		33E7C0231EEED06B0047FDCB /* Build configuration list for PBXNativeTarget "ShujiTests" */ = {
			isa = XCConfigurationList;
			buildConfigurations = (
				33E7C0241EEED06B0047FDCB /* Debug */,
				33E7C0251EEED06B0047FDCB /* Release */,
			);
			defaultConfigurationIsVisible = 0;
		};
		33E7C0261EEED06B0047FDCB /* Build configuration list for PBXNativeTarget "ShujiUITests" */ = {
			isa = XCConfigurationList;
			buildConfigurations = (
				33E7C0271EEED06B0047FDCB /* Debug */,
				33E7C0281EEED06B0047FDCB /* Release */,
			);
			defaultConfigurationIsVisible = 0;
		};
/* End XCConfigurationList section */
	};
	rootObject = 33E7BFEB1EEED06B0047FDCB /* Project object */;
}
